{
  "name": "be-functional",
  "version": "0.0.6",
  "lockfileVersion": 2,
  "requires": true,
  "packages": {
    "": {
      "name": "be-functional",
      "version": "0.0.6",
      "license": "MIT",
      "dependencies": {
        "be-decorated": "0.0.128",
        "be-hive": "0.0.50",
        "xtal-element": "0.0.499"
      },
      "devDependencies": {
        "be-exportable": "0.0.21",
        "xtal-test": "0.0.57"
      }
    },
    "node_modules/be-decorated": {
      "version": "0.0.128",
      "resolved": "https://registry.npmjs.org/be-decorated/-/be-decorated-0.0.128.tgz",
      "integrity": "sha512-PeribAKNR8Rpl1C4rvFILGYkn1+xqNsqxREUI99wJr22w/OFP7UPswSySmoAnIk/9yI7w+dTclKUUVto9rQflg==",
      "dependencies": {
        "trans-render": "0.0.557",
        "xtal-element": "0.0.499"
      }
    },
    "node_modules/be-exportable": {
      "version": "0.0.21",
      "resolved": "https://registry.npmjs.org/be-exportable/-/be-exportable-0.0.21.tgz",
      "integrity": "sha512-vElJvBujegWGRn/JXae9Y7FLANMFwBMmnNr3cpmiwx9aVtl34fpLAjxiuud9CoqmQDipJ0neKwv6Bw7dNN1fiA==",
      "dev": true,
      "dependencies": {
        "be-decorated": "0.0.112",
        "be-hive": "0.0.44"
      }
    },
    "node_modules/be-exportable/node_modules/be-decorated": {
      "version": "0.0.112",
      "resolved": "https://registry.npmjs.org/be-decorated/-/be-decorated-0.0.112.tgz",
      "integrity": "sha512-LkXJJk07YuzZy7jqJKMQ63lJ3GfD1qY9J2BlbSwnXZcOp3MOEm2ExaCenJgxCoYTXxL+pxhgQv4W1GJMX7qSGg==",
      "dev": true,
      "dependencies": {
        "trans-render": "0.0.535",
        "xtal-element": "0.0.492"
      }
    },
    "node_modules/be-exportable/node_modules/be-hive": {
      "version": "0.0.44",
      "resolved": "https://registry.npmjs.org/be-hive/-/be-hive-0.0.44.tgz",
      "integrity": "sha512-hTmPVF22DNaojRmRO9isV+Vhuw5Xte9F2kldfOKOWz+mtY6Rced1Cv567A23+DTJeLMLNEL7s8OzDeRZThm2Dw==",
      "dev": true,
      "dependencies": {
        "xtal-element": "0.0.492"
      }
    },
    "node_modules/be-exportable/node_modules/trans-render": {
      "version": "0.0.535",
      "resolved": "https://registry.npmjs.org/trans-render/-/trans-render-0.0.535.tgz",
      "integrity": "sha512-Npg26MfMWeEL42ZTmkyrfFupxy2SvDAK+mMcJ4quSZtFsOaBGbKZPWNRT+D5JVk9ms6/AjuKLdlsqNB9zBZpMA==",
      "dev": true
    },
    "node_modules/be-exportable/node_modules/xtal-element": {
      "version": "0.0.492",
      "resolved": "https://registry.npmjs.org/xtal-element/-/xtal-element-0.0.492.tgz",
      "integrity": "sha512-UG76AOBhGlg7whJzqjic5Jw/XMEbZKcJJ37MCWxor9msqwX84K54NG0zPr0/9pOiJzTBtgZ3CjwSDkwCfpYGcw==",
      "dev": true,
      "dependencies": {
        "trans-render": "0.0.535"
      }
    },
    "node_modules/be-hive": {
      "version": "0.0.50",
      "resolved": "https://registry.npmjs.org/be-hive/-/be-hive-0.0.50.tgz",
      "integrity": "sha512-PaVITnMqQe4I9FRMflXPGsMl8KGHwA8PLdGUgzomm6/3ENAajxm80moL7iSxai12fVDZOWi29EUX/uoqpQhx0g==",
      "dependencies": {
        "xtal-element": "0.0.499"
      }
    },
    "node_modules/trans-render": {
      "version": "0.0.557",
      "resolved": "https://registry.npmjs.org/trans-render/-/trans-render-0.0.557.tgz",
      "integrity": "sha512-4+TIqoebfAJwqsd7+JszHTXTmfr70SCThB1D7Fo3ZCiMV9okFmKMwWcs2EF9QpdUreavLYg9vrUxFmnB0HY8SA=="
    },
    "node_modules/xtal-element": {
      "version": "0.0.499",
      "resolved": "https://registry.npmjs.org/xtal-element/-/xtal-element-0.0.499.tgz",
      "integrity": "sha512-N8P0hDg8qoLQJnsVPVBZ7++lzYAtnOFUvLGowYNgJDxR6w9KbBl+yBI6h8y3DW0+/VGzS3WkwannOhOQfMU6Nw==",
      "dependencies": {
        "trans-render": "0.0.557"
      }
    },
    "node_modules/xtal-test": {
      "version": "0.0.57",
      "resolved": "https://registry.npmjs.org/xtal-test/-/xtal-test-0.0.57.tgz",
      "integrity": "sha512-DcU64VhNUsSSuDYsEPFrIOJjsve7Z/tyRa+QLQ6ioEta+ZpnLJGgi6n/WAtz/EXKWAjxfvxtsvkVnqOgGznOAA==",
      "dev": true
    }
  },
  "dependencies": {
    "be-decorated": {
      "version": "0.0.128",
      "resolved": "https://registry.npmjs.org/be-decorated/-/be-decorated-0.0.128.tgz",
      "integrity": "sha512-PeribAKNR8Rpl1C4rvFILGYkn1+xqNsqxREUI99wJr22w/OFP7UPswSySmoAnIk/9yI7w+dTclKUUVto9rQflg==",
      "requires": {
        "trans-render": "0.0.557",
        "xtal-element": "0.0.499"
      }
    },
    "be-exportable": {
      "version": "0.0.21",
      "resolved": "https://registry.npmjs.org/be-exportable/-/be-exportable-0.0.21.tgz",
      "integrity": "sha512-vElJvBujegWGRn/JXae9Y7FLANMFwBMmnNr3cpmiwx9aVtl34fpLAjxiuud9CoqmQDipJ0neKwv6Bw7dNN1fiA==",
      "dev": true,
      "requires": {
        "be-decorated": "0.0.112",
        "be-hive": "0.0.44"
      },
      "dependencies": {
        "be-decorated": {
          "version": "0.0.112",
          "resolved": "https://registry.npmjs.org/be-decorated/-/be-decorated-0.0.112.tgz",
          "integrity": "sha512-LkXJJk07YuzZy7jqJKMQ63lJ3GfD1qY9J2BlbSwnXZcOp3MOEm2ExaCenJgxCoYTXxL+pxhgQv4W1GJMX7qSGg==",
          "dev": true,
          "requires": {
            "trans-render": "0.0.535",
            "xtal-element": "0.0.492"
          }
        },
        "be-hive": {
          "version": "0.0.44",
          "resolved": "https://registry.npmjs.org/be-hive/-/be-hive-0.0.44.tgz",
          "integrity": "sha512-hTmPVF22DNaojRmRO9isV+Vhuw5Xte9F2kldfOKOWz+mtY6Rced1Cv567A23+DTJeLMLNEL7s8OzDeRZThm2Dw==",
          "dev": true,
          "requires": {
            "xtal-element": "0.0.492"
          }
        },
        "trans-render": {
          "version": "0.0.535",
          "resolved": "https://registry.npmjs.org/trans-render/-/trans-render-0.0.535.tgz",
          "integrity": "sha512-Npg26MfMWeEL42ZTmkyrfFupxy2SvDAK+mMcJ4quSZtFsOaBGbKZPWNRT+D5JVk9ms6/AjuKLdlsqNB9zBZpMA==",
          "dev": true
        },
        "xtal-element": {
          "version": "0.0.492",
          "resolved": "https://registry.npmjs.org/xtal-element/-/xtal-element-0.0.492.tgz",
          "integrity": "sha512-UG76AOBhGlg7whJzqjic5Jw/XMEbZKcJJ37MCWxor9msqwX84K54NG0zPr0/9pOiJzTBtgZ3CjwSDkwCfpYGcw==",
          "dev": true,
          "requires": {
            "trans-render": "0.0.535"
          }
        }
      }
    },
    "be-hive": {
      "version": "0.0.50",
      "resolved": "https://registry.npmjs.org/be-hive/-/be-hive-0.0.50.tgz",
      "integrity": "sha512-PaVITnMqQe4I9FRMflXPGsMl8KGHwA8PLdGUgzomm6/3ENAajxm80moL7iSxai12fVDZOWi29EUX/uoqpQhx0g==",
      "requires": {
        "xtal-element": "0.0.499"
      }
    },
    "trans-render": {
      "version": "0.0.557",
      "resolved": "https://registry.npmjs.org/trans-render/-/trans-render-0.0.557.tgz",
      "integrity": "sha512-4+TIqoebfAJwqsd7+JszHTXTmfr70SCThB1D7Fo3ZCiMV9okFmKMwWcs2EF9QpdUreavLYg9vrUxFmnB0HY8SA=="
    },
    "xtal-element": {
      "version": "0.0.499",
      "resolved": "https://registry.npmjs.org/xtal-element/-/xtal-element-0.0.499.tgz",
      "integrity": "sha512-N8P0hDg8qoLQJnsVPVBZ7++lzYAtnOFUvLGowYNgJDxR6w9KbBl+yBI6h8y3DW0+/VGzS3WkwannOhOQfMU6Nw==",
      "requires": {
        "trans-render": "0.0.557"
      }
    },
    "xtal-test": {
      "version": "0.0.57",
      "resolved": "https://registry.npmjs.org/xtal-test/-/xtal-test-0.0.57.tgz",
      "integrity": "sha512-DcU64VhNUsSSuDYsEPFrIOJjsve7Z/tyRa+QLQ6ioEta+ZpnLJGgi6n/WAtz/EXKWAjxfvxtsvkVnqOgGznOAA==",
      "dev": true
    }
  }
}
